
Microsoft Visual Studio Solution File, Format Version 12.00
# Visual Studio Version 16
VisualStudioVersion = 16.0.30907.101
MinimumVisualStudioVersion = 10.0.40219.1
Project("{FAE04EC0-301F-11D3-BF4B-00C04F79EFBC}") = "OctomodEditor", "OctomodEditor\OctomodEditor.csproj", "{82E34FE2-1A2A-4D8D-A78D-671924B90F51}"
EndProject
Global
	GlobalSection(SolutionConfigurationPlatforms) = preSolution
		Debug|Any CPU = Debug|Any CPU
		Release|Any CPU = Release|Any CPU
	EndGlobalSection
	GlobalSection(ProjectConfigurationPlatforms) = postSolution
		{82E34FE2-1A2A-4D8D-A78D-671924B90F51}.Debug|Any CPU.ActiveCfg = Debug|Any CPU
		{82E34FE2-1A2A-4D8D-A78D-671924B90F51}.Debug|Any CPU.Build.0 = Debug|Any CPU
		{82E34FE2-1A2A-4D8D-A78D-671924B90F51}.Release|Any CPU.ActiveCfg = Release|Any CPU
		{82E34FE2-1A2A-4D8D-A78D-671924B90F51}.Release|Any CPU.Build.0 = Release|Any CPU
	EndGlobalSection
	GlobalSection(SolutionProperties) = preSolution
		HideSolutionNode = FALSE
	EndGlobalSection
	GlobalSection(ExtensibilityGlobals) = postSolution
		SolutionGuid = {7C2146BA-7802-4513-9C76-88A604CB3D7C}
	EndGlobalSection
EndGlobal
